{
    "_meta": {
        "hash": {
            "sha256": "b983230911f810348cd1d08db0e7a93a1eedcf138b76cb23ff2ded3965bcac64"
        },
        "pipfile-spec": 6,
        "requires": {
            "python_version": "3.6"
        },
        "sources": [
            {
                "name": "pypi",
                "url": "https://pypi.org/simple",
                "verify_ssl": true
            }
        ]
    },
    "default": {
        "chartpress": {
            "hashes": [
                "sha256:3ab39d64bf778f140ce668525710d7baeabfd255771956f90ba98104379aae40",
                "sha256:6f9a005e27b97f498acfa166967b8d77ae216c527b8b96d3b314d4b835097127"
            ],
            "index": "pypi",
            "version": "==0.2.0"
        },
        "ruamel.yaml": {
            "hashes": [
                "sha256:0e1ce19a1a82e4078672513f21f19925a6843b6213454a3f3b4581792e6664e7",
                "sha256:187a35b54529eb2b71b50c46ae8e5a10d01cec41004e4bcba9b31a993d7e913c",
                "sha256:24b4b4afe7f4c7f61cb0d5616805a796de38010cc7b5908524cd6af97ce3e9c6",
                "sha256:30db9703af03f9722fb4c011e5f6223a1864c6dc1c3cc214304b12b01db5b956",
                "sha256:4106054828039d11f28bbf11d306c57590364c7304aaa9d63ae071e58e8fb896",
                "sha256:410ccd8dc9434f3d401cbc2159a8596c7cdba6c3f4aac457d6fec1daabb0fb0c",
                "sha256:43893c3c0d37d104f325c702878ca2a5fe03c133d2ac55da05366e9818282ff5",
                "sha256:5828c02a4a9d85bbb730ecb949d6775bb4581252e55de81abb91a20e49d83e19",
                "sha256:78361f7490831d0341a59ab9f4d05bc81516f1ffc644fe78686ee700acfe771b",
                "sha256:84046b2b218b26feef4544fb7d660374cef7025b511a8647418c20235c5b0ee4",
                "sha256:89a59876c90c76d9b6fd165c6396af1c1394454ad38c75885cf3f9546eee28a4",
                "sha256:8f5205447c94b05f223534eb34ab22456668af44e0a7fc0f538bb148e9b86f41",
                "sha256:91db0cb050ade179154211e09f6076db0b1dc4185437d0dc2421ab2df2b77d44",
                "sha256:954221dc2b7c88c59a1c5a9f8e19d772efe33a8a161ec1b93bb3e5886ee0143b",
                "sha256:b36e298394e4a1589d50f4d1cfc559f43e9702fcb3fd8512224878d8ef8fc77c",
                "sha256:c3f165559d58421736e9382344ca637bffb22da696abbef9866c4bd52ecd3556",
                "sha256:c5ed992fbea3beadfffb803115f9027625e042c3fcd6e099617a0282efb85aac",
                "sha256:cacd0995d3090dcbe6a6c813f3f0b15ca96a2ac98e226f648048bb509b6317d6",
                "sha256:d25430bb7be38b499f313a9e87abf11c9ed52de7e1d4a34849bdc38b85dfdb4d",
                "sha256:d71cc8a9dfeee8533cb6f174a6908ced18014a0ad7e46152d112a8c52ad1ec71",
                "sha256:e6615cb37eb89d9f70fcba39b76a642d526873c262652b23486d9d323da1a0e5",
                "sha256:f532b33d82a76cdaca9da59355c596f57d35c745874cf8345ccd9a1522289849"
            ],
            "version": "==0.15.50"
        }
    },
    "develop": {
        "alabaster": {
            "hashes": [
                "sha256:674bb3bab080f598371f4443c5008cbfeb1a5e622dd312395d2d82af2c54c456",
                "sha256:b63b1f4dc77c074d386752ec4a8a7517600f6c0db8cd42980cae17ab7b3275d7"
            ],
            "version": "==0.7.11"
        },
        "babel": {
            "hashes": [
                "sha256:6778d85147d5d85345c14a26aada5e478ab04e39b078b0745ee6870c2b5cf669",
                "sha256:8cba50f48c529ca3fa18cf81fa9403be176d374ac4d60738b839122dfaaa3d23"
            ],
            "version": "==2.6.0"
        },
        "backcall": {
            "hashes": [
                "sha256:38ecd85be2c1e78f77fd91700c76e14667dc21e2713b63876c0eb901196e01e4",
                "sha256:bbbf4b1e5cd2bdb08f915895b51081c041bac22394fdfcfdfbe9f14b77c08bf2"
            ],
            "version": "==0.1.0"
        },
        "certifi": {
            "hashes": [
                "sha256:13e698f54293db9f89122b0581843a782ad0934a4fe0172d2a980ba77fc61bb7",
                "sha256:9fa520c1bacfb634fa7af20a76bcbd3d5fb390481724c597da32c719a7dca4b0"
            ],
            "version": "==2018.4.16"
        },
        "chardet": {
            "hashes": [
                "sha256:84ab92ed1c4d4f16916e05906b6b75a6c0fb5db821cc65e70cbd64a3e2a5eaae",
                "sha256:fc323ffcaeaed0e0a02bf4d117757b98aed530d9ed4531e3e15460124c106691"
            ],
            "version": "==3.0.4"
        },
        "decorator": {
            "hashes": [
                "sha256:2c51dff8ef3c447388fe5e4453d24a2bf128d3a4c32af3fabef1f01c6851ab82",
                "sha256:c39efa13fbdeb4506c476c9b3babf6a718da943dab7811c206005a4a956c080c"
            ],
            "version": "==4.3.0"
        },
        "docutils": {
            "hashes": [
                "sha256:02aec4bd92ab067f6ff27a38a38a41173bf01bed8f89157768c1573f53e474a6",
                "sha256:51e64ef2ebfb29cae1faa133b3710143496eca21c530f3f71424d77687764274",
                "sha256:7a4bd47eaf6596e1295ecb11361139febe29b084a87bf005bf899f9a42edc3c6"
            ],
            "version": "==0.14"
        },
        "idna": {
            "hashes": [
                "sha256:156a6814fb5ac1fc6850fb002e0852d56c0c8d2531923a51032d1b70760e186e",
                "sha256:684a38a6f903c1d71d6d5fac066b58d7768af4de2b832e426ec79c30daa94a16"
            ],
            "version": "==2.7"
        },
        "imagesize": {
            "hashes": [
                "sha256:3620cc0cadba3f7475f9940d22431fc4d407269f1be59ec9b8edcca26440cf18",
                "sha256:5b326e4678b6925158ccc66a9fa3122b6106d7c876ee32d7de6ce59385b96315"
            ],
            "version": "==1.0.0"
        },
        "ipython": {
            "hashes": [
                "sha256:007dcd929c14631f83daff35df0147ea51d1af420da303fd078343878bd5fb62",
                "sha256:b0f2ef9eada4a68ef63ee10b6dde4f35c840035c50fd24265f8052c98947d5a4"
            ],
            "index": "pypi",
            "version": "==6.5.0"
        },
        "ipython-genutils": {
            "hashes": [
                "sha256:72dd37233799e619666c9f639a9da83c34013a73e8bbc79a7a6348d93c61fab8",
                "sha256:eb2e116e75ecef9d4d228fdc66af54269afa26ab4463042e33785b887c628ba8"
            ],
            "version": "==0.2.0"
        },
        "jedi": {
            "hashes": [
                "sha256:b409ed0f6913a701ed474a614a3bb46e6953639033e31f769ca7581da5bd1ec1",
                "sha256:c254b135fb39ad76e78d4d8f92765ebc9bf92cbc76f49e97ade1d5f5121e1f6f"
            ],
            "version": "==0.12.1"
        },
        "jinja2": {
            "hashes": [
                "sha256:74c935a1b8bb9a3947c50a54766a969d4846290e1e788ea44c1392163723c3bd",
                "sha256:f84be1bb0040caca4cea721fcbbbbd61f9be9464ca236387158b0feea01914a4"
            ],
            "version": "==2.10"
        },
        "markupsafe": {
            "hashes": [
                "sha256:a6be69091dac236ea9c6bc7d012beab42010fa914c459791d627dad4910eb665"
            ],
            "version": "==1.0"
        },
        "packaging": {
            "hashes": [
                "sha256:e9215d2d2535d3ae866c3d6efc77d5b24a0192cce0ff20e42896cc0664f889c0",
                "sha256:f019b770dd64e585a99714f1fd5e01c7a8f11b45635aa953fd41c689a657375b"
            ],
            "version": "==17.1"
        },
        "parso": {
            "hashes": [
                "sha256:35704a43a3c113cce4de228ddb39aab374b8004f4f2407d070b6a2ca784ce8a2",
                "sha256:895c63e93b94ac1e1690f5fdd40b65f07c8171e3e53cbd7793b5b96c0e0a7f24"
            ],
            "version": "==0.3.1"
        },
        "pexpect": {
            "hashes": [
                "sha256:2a8e88259839571d1251d278476f3eec5db26deb73a70be5ed5dc5435e418aba",
                "sha256:3fbd41d4caf27fa4a377bfd16fef87271099463e6fa73e92a52f92dfee5d425b"
            ],
            "markers": "sys_platform != 'win32'",
            "version": "==4.6.0"
        },
        "pickleshare": {
            "hashes": [
                "sha256:84a9257227dfdd6fe1b4be1319096c20eb85ff1e82c7932f36efccfe1b09737b",
                "sha256:c9a2541f25aeabc070f12f452e1f2a8eae2abd51e1cd19e8430402bdf4c1d8b5"
            ],
            "version": "==0.7.4"
        },
        "plantweb": {
            "hashes": [
                "sha256:5f4feda700b5126c7240ac34c8fc06d22d72c4b0681e56557892d79b8500e4a4"
            ],
            "index": "pypi",
            "version": "==1.1.0"
        },
        "prompt-toolkit": {
            "hashes": [
                "sha256:1df952620eccb399c53ebb359cc7d9a8d3a9538cb34c5a1344bdbeb29fbcc381",
                "sha256:3f473ae040ddaa52b52f97f6b4a493cfa9f5920c255a12dc56a7d34397a398a4",
                "sha256:858588f1983ca497f1cf4ffde01d978a3ea02b01c8a26a8bbc5cd2e66d816917"
            ],
            "version": "==1.0.15"
        },
        "ptyprocess": {
            "hashes": [
                "sha256:923f299cc5ad920c68f2bc0bc98b75b9f838b93b599941a6b63ddbc2476394c0",
                "sha256:d7cc528d76e76342423ca640335bd3633420dc1366f258cb31d05e865ef5ca1f"
            ],
            "version": "==0.6.0"
        },
        "pyenchant": {
            "hashes": [
                "sha256:9a66aa441535e27d228baca320f7feed1b08d0c5e6167d5e5cf455b545b7c2cd",
                "sha256:b9526fc2c5f1ba0637e50200b645a7c20fb6644dbc6f6322027e7d2fbf1084a5",
                "sha256:e8000144e61551fcab9cd1b6fdccdded20e577e8d6d0985533f0b2b9c38fd952",
                "sha256:fc31cda72ace001da8fe5d42f11c26e514a91fa8c70468739216ddd8de64e2a0"
            ],
            "index": "pypi",
            "version": "==2.0.0"
        },
        "pygments": {
            "hashes": [
                "sha256:78f3f434bcc5d6ee09020f92ba487f95ba50f1e3ef83ae96b9d5ffa1bab25c5d",
                "sha256:dbae1046def0efb574852fab9e90209b23f556367b5a320c0bcb871c77c3e8cc"
            ],
            "version": "==2.2.0"
        },
        "pyparsing": {
            "hashes": [
                "sha256:0832bcf47acd283788593e7a0f542407bd9550a55a8a8435214a1960e04bcb04",
                "sha256:281683241b25fe9b80ec9d66017485f6deff1af5cde372469134b56ca8447a07",
                "sha256:8f1e18d3fd36c6795bb7e02a39fd05c611ffc2596c1e0d995d34d67630426c18",
                "sha256:9e8143a3e15c13713506886badd96ca4b579a87fbdf49e550dbfc057d6cb218e",
                "sha256:b8b3117ed9bdf45e14dcc89345ce638ec7e0e29b2b579fa1ecf32ce45ebac8a5",
                "sha256:e4d45427c6e20a59bf4f88c639dcc03ce30d193112047f94012102f235853a58",
                "sha256:fee43f17a9c4087e7ed1605bd6df994c6173c1e977d7ade7b651292fab2bd010"
            ],
            "version": "==2.2.0"
        },
        "pytz": {
            "hashes": [
                "sha256:a061aa0a9e06881eb8b3b2b43f05b9439d6583c206d0a6c340ff72a7b6669053",
                "sha256:ffb9ef1de172603304d9d2819af6f5ece76f2e85ec10692a524dd876e72bf277"
            ],
            "version": "==2018.5"
        },
        "renku-sphinx-theme": {
            "hashes": [
                "sha256:00c6270e4bd661b7c43339658a051e928a32e22de69e34f06182736598dcaa7d",
                "sha256:30c7fea82b1064efe3c281131412aed27ba3a8c5d9f81a1677d353fd319630df"
            ],
            "index": "pypi",
            "version": "==0.1.0"
        },
        "requests": {
            "hashes": [
                "sha256:63b52e3c866428a224f97cab011de738c36aec0185aa91cfacd418b5d58911d1",
                "sha256:ec22d826a36ed72a7358ff3fe56cbd4ba69dd7a6718ffd450ff0e9df7a47ce6a"
            ],
            "version": "==2.19.1"
        },
        "simplegeneric": {
            "hashes": [
                "sha256:dc972e06094b9af5b855b3df4a646395e43d1c9d0d39ed345b7393560d0b9173"
            ],
            "version": "==0.8.1"
        },
        "six": {
            "hashes": [
                "sha256:70e8a77beed4562e7f14fe23a786b54f6296e34344c23bc42f07b15018ff98e9",
                "sha256:832dc0e10feb1aa2c68dcc57dbb658f1c7e65b9b61af69048abc87a2db00a0eb"
            ],
            "version": "==1.11.0"
        },
        "snowballstemmer": {
            "hashes": [
                "sha256:919f26a68b2c17a7634da993d91339e288964f93c274f1343e3bbbe2096e1128",
                "sha256:9f3bcd3c401c3e862ec0ebe6d2c069ebc012ce142cce209c098ccb5b09136e89"
            ],
            "version": "==1.2.1"
        },
        "sphinx": {
            "editable": true,
            "git": "https://github.com/rokroskar/sphinx.git",
            "ref": "use-doc-dir"
        },
        "sphinxcontrib-spelling": {
            "hashes": [
                "sha256:44a9445b237ade895ae1fccbe6f41422489b1ffb2a026c1b78b0c1c1c229f9bf",
                "sha256:e25182225d8380c886000e544024f8513a2e7dad130f8297b8c23db80e31b6ed"
            ],
            "index": "pypi",
            "version": "==4.2.0"
        },
        "sphinxcontrib-websupport": {
            "hashes": [
                "sha256:68ca7ff70785cbe1e7bccc71a48b5b6d965d79ca50629606c7861a21b206d9dd",
                "sha256:9de47f375baf1ea07cdb3436ff39d7a9c76042c10a769c52353ec46e4e8fc3b9"
            ],
            "index": "pypi",
            "version": "==1.1.0"
        },
        "traitlets": {
            "hashes": [
                "sha256:9c4bd2d267b7153df9152698efb1050a5d84982d3384a37b2c1f7723ba3e7835",
                "sha256:c6cb5e6f57c5a9bdaa40fa71ce7b4af30298fbab9ece9815b5d995ab6217c7d9"
            ],
            "version": "==4.3.2"
        },
        "urllib3": {
            "hashes": [
                "sha256:a68ac5e15e76e7e5dd2b8f94007233e01effe3e50e8daddf69acfd81cb686baf",
                "sha256:b5725a0bd4ba422ab0e66e89e030c806576753ea3ee08554382c14e685d117b5"
            ],
            "version": "==1.23"
        },
        "wcwidth": {
            "hashes": [
                "sha256:3df37372226d6e63e1b1e1eda15c594bca98a22d33a23832a90998faa96bc65e",
                "sha256:f4ebe71925af7b40a864553f761ed559b43544f8f71746c2d756c7fe788ade7c"
            ],
            "version": "==0.1.7"
        }
    }
}
