{
    "_meta": {
        "hash": {
            "sha256": "a84a1f1da0dd00016c76f21a400c1ed855a78c9c712c2e83468a4bf05ee7da39"
        },
        "pipfile-spec": 6,
        "requires": {
            "python_version": "3.6"
        },
        "sources": [
            {
                "name": "pypi",
                "url": "https://pypi.org/simple",
                "verify_ssl": true
            }
        ]
    },
    "default": {
        "chartpress": {
            "hashes": [
                "sha256:3ab39d64bf778f140ce668525710d7baeabfd255771956f90ba98104379aae40",
                "sha256:6f9a005e27b97f498acfa166967b8d77ae216c527b8b96d3b314d4b835097127"
            ],
            "index": "pypi",
            "version": "==0.2.0"
        },
        "ruamel.yaml": {
            "hashes": [
                "sha256:06bb1cd211704a90e4d8e9f66f9baa6345300106d8e156acbc4061d513d40201",
                "sha256:0bfd91e4c23a00871f83046db312dd5071fcc56be82228e5560440b85d73f197",
                "sha256:0fc8bafd7d3a54dfdb4bd8bd0ee6ed12100d8125149d818cbce9f0d694121bbe",
                "sha256:345f8c276b1af138f243a560c4f21884d7c150559ab13e344070044c73a31ab5",
                "sha256:384cb3fbc0c7eb0166cc009e6410e295f25c663e22b0e93ec62b1dc0c7fddc4e",
                "sha256:3908c5b389b1543118b8b85ad48299969cd5d1ed22b2a2d8c4d6d9a3f3cfa24f",
                "sha256:3d244bc3bb6adce091e20692ad82c465a6fb27a5df0c7e8c8005d5c51f0cbded",
                "sha256:65e9496033a2592e342be5c5c7846a05504077f843fb52de7fff4bd85484cd99",
                "sha256:68413b9a849261cf0d904c11670f4153f93baf6ce1ec40c5b8c7a81b1c9130f3",
                "sha256:7aa829110c77f237d7041391db4501374d7b9672dce2fe49c805345f1712d7cf",
                "sha256:8ef2c81d03a18ac20bae4e6563cf6a547eac4f22147dd9ce91430f68b35561f1",
                "sha256:961e6e1f41054140466ab5479a4c5c20e569fc40ac5f7fbdde62f97993db8aec",
                "sha256:974e91b23273eb6c32aef979a32c20ed0f6c6e4d9c1523611ea10c5fda9b8928",
                "sha256:ac65e8b668dde7a7804a039ee31f66e3b316dadeeaf506b0b6de1c51ff44ad81",
                "sha256:b3b17c95c542e3caf2c85db739fe8c69c4589c3d7fd8f59c1bc68891126eb351",
                "sha256:c239fd438cbfab8f0af02b931ee4205821a615659475c87983bc866590104141",
                "sha256:d1dc969b690c38928f1ea25a86b0288d2c0aa9cb6f549bedbcb69deef8da975c"
            ],
            "version": "==0.15.40"
        }
    },
    "develop": {}
}
