dependencies:
- name: renku-core
  repository: https://swissdatasciencecenter.github.io/helm-charts/
  version: 0.1.0-7cb67bd
- name: renku-ui
  repository: https://swissdatasciencecenter.github.io/helm-charts/
  version: 0.7.4-0a1a606
- name: renku-notebooks
  repository: https://swissdatasciencecenter.github.io/helm-charts/
  version: 0.6.2-c80daef
- name: renku-gateway
  repository: https://swissdatasciencecenter.github.io/helm-charts/
  version: 0.7.0-4158faf
- name: gitlab
  repository: https://swissdatasciencecenter.github.io/helm-charts/
  version: 0.4.1-791604e
- name: renku-graph
  repository: https://swissdatasciencecenter.github.io/helm-charts/
  version: 0.47.2
- name: postgresql
  repository: https://kubernetes-charts.storage.googleapis.com
  version: 0.14.4
- name: keycloak
  repository: https://kubernetes-charts.storage.googleapis.com
  version: 4.10.1
- name: minio
  repository: https://kubernetes-charts.storage.googleapis.com
  version: 1.6.0
digest: sha256:832828eb81e044fd455a8553ae685029b783e267dcfaede26c41b4440ca73ef5
generated: "2020-03-03T16:41:19.109923967Z"
