dependencies:
- name: renku-core
  repository: https://swissdatasciencecenter.github.io/helm-charts/
  version: 0.1.0-0027578
- name: renku-ui
  repository: https://swissdatasciencecenter.github.io/helm-charts/
  version: 0.7.4-d963180
- name: renku-notebooks
  repository: https://swissdatasciencecenter.github.io/helm-charts/
  version: 0.6.2-25551e0
- name: renku-gateway
  repository: https://swissdatasciencecenter.github.io/helm-charts/
  version: 0.7.0-67de968
- name: gitlab
  repository: https://swissdatasciencecenter.github.io/helm-charts/
  version: 0.4.1-791604e
- name: renku-graph
  repository: https://swissdatasciencecenter.github.io/helm-charts/
  version: 0.47.0
- name: postgresql
  repository: https://kubernetes-charts.storage.googleapis.com
  version: 0.14.4
- name: keycloak
  repository: https://kubernetes-charts.storage.googleapis.com
  version: 4.10.1
- name: minio
  repository: https://kubernetes-charts.storage.googleapis.com
  version: 1.6.0
digest: sha256:bfbddb8ed8e763f7a9a9099339fc0b65885b62f3dc51f37aac50ded5bf96a250
generated: 2020-02-26T16:03:59.804875614Z
