{
  "nodes": {
    "nixpkgs": {
      "locked": {
        "lastModified": 1667234798,
        "narHash": "sha256-t+DGeLlmv9LpsOhj7JJZtynr3uSsE80acHH+B9LWz0A=",
        "owner": "NixOS",
        "repo": "nixpkgs",
        "rev": "ddb57cae7c8b51ef5be0d7d2bcb825601e61c4b2",
        "type": "github"
      },
      "original": {
        "id": "nixpkgs",
        "ref": "nixos-22.05",
        "type": "indirect"
      }
    },
    "root": {
      "inputs": {
        "nixpkgs": "nixpkgs",
        "utils": "utils"
      }
    },
    "utils": {
      "locked": {
        "lastModified": 1667077288,
        "narHash": "sha256-bdC8sFNDpT0HK74u9fUkpbf1MEzVYJ+ka7NXCdgBoaA=",
        "owner": "numtide",
        "repo": "flake-utils",
        "rev": "6ee9ebb6b1ee695d2cacc4faa053a7b9baa76817",
        "type": "github"
      },
      "original": {
        "owner": "numtide",
        "repo": "flake-utils",
        "type": "github"
      }
    }
  },
  "root": "root",
  "version": 7
}
