{
  "nodes": {
    "nixpkgs": {
      "locked": {
        "lastModified": 1688389917,
        "narHash": "sha256-RKiK1QeommEsjQ8fLgxt4831x9O6n2gD7wAhVZTrr8M=",
        "owner": "NixOS",
        "repo": "nixpkgs",
        "rev": "aed4b19d312525ae7ca9bceb4e1efe3357d0e2eb",
        "type": "github"
      },
      "original": {
        "id": "nixpkgs",
        "ref": "nixos-23.05",
        "type": "indirect"
      }
    },
    "root": {
      "inputs": {
        "nixpkgs": "nixpkgs"
      }
    }
  },
  "root": "root",
  "version": 7
}
