{
  "nodes": {
    "nixpkgs": {
      "locked": {
        "lastModified": 1682303062,
        "narHash": "sha256-x+KAADp27lbxeoPXLUMxKcRsUUHDlg+qVjt5PjgBw9A=",
        "owner": "NixOS",
        "repo": "nixpkgs",
        "rev": "f5364316e314436f6b9c8fd50592b18920ab18f9",
        "type": "github"
      },
      "original": {
        "id": "nixpkgs",
        "ref": "nixos-22.11",
        "type": "indirect"
      }
    },
    "root": {
      "inputs": {
        "nixpkgs": "nixpkgs"
      }
    }
  },
  "root": "root",
  "version": 7
}
