{
    "_meta": {
        "hash": {
            "sha256": "7364508447eea71ef04c8f214694d2a6e4d5ead015cc6dd95b035037ee453ada"
        },
        "pipfile-spec": 6,
        "requires": {
            "python_version": "3.6"
        },
        "sources": [
            {
                "name": "pypi",
                "url": "https://pypi.org/simple",
                "verify_ssl": true
            }
        ]
    },
    "default": {
        "alembic": {
            "hashes": [
                "sha256:1cd32df9a3b8c1749082ef60ffbe05ff16617b6afadfdabc680dcb9344af33d7"
            ],
            "version": "==0.9.10"
        },
        "async-generator": {
            "hashes": [
                "sha256:2f45541002a14f80fffc6d52788f92470ff0d9bfe81c434ea8cd60babe43de9e",
                "sha256:b7d5465c6174fe86dba498ececb175f93a6097ffb7cc91946405e1f05b848371"
            ],
            "version": "==1.9"
        },
        "cachetools": {
            "hashes": [
                "sha256:90f1d559512fc073483fe573ef5ceb39bf6ad3d39edc98dc55178a2b2b176fa3",
                "sha256:d1c398969c478d336f767ba02040fa22617333293fb0b8968e79b16028dfee35"
            ],
            "version": "==2.1.0"
        },
        "certifi": {
            "hashes": [
                "sha256:13e698f54293db9f89122b0581843a782ad0934a4fe0172d2a980ba77fc61bb7",
                "sha256:9fa520c1bacfb634fa7af20a76bcbd3d5fb390481724c597da32c719a7dca4b0"
            ],
            "version": "==2018.4.16"
        },
        "chardet": {
            "hashes": [
                "sha256:84ab92ed1c4d4f16916e05906b6b75a6c0fb5db821cc65e70cbd64a3e2a5eaae",
                "sha256:fc323ffcaeaed0e0a02bf4d117757b98aed530d9ed4531e3e15460124c106691"
            ],
            "version": "==3.0.4"
        },
        "decorator": {
            "hashes": [
                "sha256:2c51dff8ef3c447388fe5e4453d24a2bf128d3a4c32af3fabef1f01c6851ab82",
                "sha256:c39efa13fbdeb4506c476c9b3babf6a718da943dab7811c206005a4a956c080c"
            ],
            "version": "==4.3.0"
        },
        "docker": {
            "hashes": [
                "sha256:52cf5b1c3c394f9abf897638bfc3336d6b63a0f65969d0d4d2da6d3b1d8032b6",
                "sha256:ad077b49660b711d20f50f344f70cfae014d635ef094bf21b0d7df5f0aeedf99"
            ],
            "index": "pypi",
            "version": "==3.4.1"
        },
        "docker-pycreds": {
            "hashes": [
                "sha256:0a941b290764ea7286bd77f54c0ace43b86a8acd6eb9ead3de9840af52384079",
                "sha256:8b0e956c8d206f832b06aa93a710ba2c3bcbacb5a314449c040b0b814355bbff"
            ],
            "version": "==0.3.0"
        },
        "dockerspawner": {
            "editable": true,
            "git": "https://github.com/jupyterhub/dockerspawner"
        },
        "escapism": {
            "hashes": [
                "sha256:5f1cc1fa04a95f5b85b3da194750f8a71846d493ea332f62e8798949f10c9b86",
                "sha256:bde950505d0a2c0fce069620f8ffb99464635851146c25e8d1be882ca9a1bb75"
            ],
            "index": "pypi",
            "version": "==1.0.0"
        },
        "google-auth": {
            "hashes": [
                "sha256:1745c9066f698eac3da99cef082914495fb71bc09597ba7626efbbb64c4acc57",
                "sha256:82a34e1a59ad35f01484d283d2a36b7a24c8c404a03a71b3afddd0a4d31e169f"
            ],
            "version": "==1.5.0"
        },
        "idna": {
            "hashes": [
                "sha256:156a6814fb5ac1fc6850fb002e0852d56c0c8d2531923a51032d1b70760e186e",
                "sha256:684a38a6f903c1d71d6d5fac066b58d7768af4de2b832e426ec79c30daa94a16"
            ],
            "version": "==2.7"
        },
        "ipaddress": {
            "hashes": [
                "sha256:64b28eec5e78e7510698f6d4da08800a5c575caa4a286c93d651c5d3ff7b6794",
                "sha256:b146c751ea45cad6188dd6cf2d9b757f6f4f8d6ffb96a023e6f2e26eea02a72c"
            ],
            "version": "==1.0.22"
        },
        "ipython-genutils": {
            "hashes": [
                "sha256:72dd37233799e619666c9f639a9da83c34013a73e8bbc79a7a6348d93c61fab8",
                "sha256:eb2e116e75ecef9d4d228fdc66af54269afa26ab4463042e33785b887c628ba8"
            ],
            "version": "==0.2.0"
        },
        "jinja2": {
            "hashes": [
                "sha256:74c935a1b8bb9a3947c50a54766a969d4846290e1e788ea44c1392163723c3bd",
                "sha256:f84be1bb0040caca4cea721fcbbbbd61f9be9464ca236387158b0feea01914a4"
            ],
            "version": "==2.10"
        },
        "jupyterhub": {
            "hashes": [
                "sha256:58ec6d6030dca1309604aa0d14a3bf0badabbd53f38187df005ee8d22429ca6a",
                "sha256:daefe0df09a97d9af7157d8f28d28e0c5a415616e6337d887bba26543df10a7c"
            ],
            "version": "==0.9.1"
        },
        "jupyterhub-kubespawner": {
            "hashes": [
                "sha256:b6ec223d5d5f2e8942d229773ac6c6b38fbbed1fd1e933e590e38f0b0e36e032",
                "sha256:e604f95c2321a92d3c22ff2606137feb20ae5feae6dab3f6267ea51d09b01055"
            ],
            "index": "pypi",
            "version": "==0.8.1"
        },
        "kubernetes": {
            "hashes": [
                "sha256:0a36f9777df218c959e8d75c0cd837ea3f3b67d86d96d90759c972a2b03b5633",
                "sha256:42250263103d6e96e15f05f2a02a97571ade2843269ad602b1003159d8412671"
            ],
            "version": "==3.0.0"
        },
        "mako": {
            "hashes": [
                "sha256:4e02fde57bd4abb5ec400181e4c314f56ac3e49ba4fb8b0d50bba18cb27d25ae"
            ],
            "version": "==1.0.7"
        },
        "markupsafe": {
            "hashes": [
                "sha256:a6be69091dac236ea9c6bc7d012beab42010fa914c459791d627dad4910eb665"
            ],
            "version": "==1.0"
        },
        "nullauthenticator": {
            "hashes": [
                "sha256:812ef7eef3a3583cae37d20a183e2eeea3d3126a205cf3cef279455bfde44789",
                "sha256:8726e46fad47fc87f90ea76bf3ba99ea7d8277a7bec2cfdf7e39a9712cfc31ed"
            ],
            "index": "pypi",
            "version": "==1.0.0"
        },
        "oauthenticator": {
            "hashes": [
                "sha256:60853edbc79df2f9b0702fd35d110904340777716dfd809bc72d9e4259b9fdb2",
                "sha256:cb0b2564e46db28350693bc3e6457333c4ee21af5066ac743730e3f3173ea7ed"
            ],
            "index": "pypi",
            "version": "==0.7.3"
        },
        "oauthlib": {
            "hashes": [
                "sha256:ac35665a61c1685c56336bda97d5eefa246f1202618a1d6f34fccb1bdd404162",
                "sha256:d883b36b21a6ad813953803edfa563b1b579d79ca758fe950d1bc9e8b326025b"
            ],
            "version": "==2.1.0"
        },
        "pamela": {
            "hashes": [
                "sha256:1e198446a6cdd87704aa0def7621d62e7c20b0e6068e2788b9a866a8355e5d6b",
                "sha256:d6d03bd6c13f3df5b2955378b96e822dd97a07bd890dad5ceaed7c7025040b66"
            ],
            "version": "==0.3.0"
        },
        "prometheus-client": {
            "hashes": [
                "sha256:d96472e43bb49b10ec748b59014af122048ff7c5c2528994683e4783250865e4"
            ],
            "version": "==0.2.0"
        },
        "pyasn1": {
            "hashes": [
                "sha256:24f21b4fd2dc2b344dee2205fa3930464aa21292216d3d6e39007a2e059e21af",
                "sha256:2f57960dc7a2820ea5a1782b872d974b639aa3b448ac6628d1ecc5d0fe3986f2",
                "sha256:3651774ca1c9726307560792877db747ba5e8a844ea1a41feb7670b319800ab3",
                "sha256:602fda674355b4701acd7741b2be5ac188056594bf1eecf690816d944e52905e",
                "sha256:8fb265066eac1d3bb5015c6988981b009ccefd294008ff7973ed5f64335b0f2d",
                "sha256:9334cb427609d2b1e195bb1e251f99636f817d7e3e1dffa150cb3365188fb992",
                "sha256:9a15cc13ff6bf5ed29ac936ca941400be050dff19630d6cd1df3fb978ef4c5ad",
                "sha256:a66dcda18dbf6e4663bde70eb30af3fc4fe1acb2d14c4867a861681887a5f9a2",
                "sha256:ba77f1e8d7d58abc42bfeddd217b545fdab4c1eeb50fd37c2219810ad56303bf",
                "sha256:cdc8eb2eaafb56de66786afa6809cd9db2df1b3b595dcb25aa5b9dc61189d40a",
                "sha256:d01fbba900c80b42af5c3fe1a999acf61e27bf0e452e0f1ef4619065e57622da",
                "sha256:f281bf11fe204f05859225ec2e9da7a7c140b65deccd8a4eb0bc75d0bd6949e0",
                "sha256:fb81622d8f3509f0026b0683fe90fea27be7284d3826a5f2edf97f69151ab0fc"
            ],
            "version": "==0.4.3"
        },
        "pyasn1-modules": {
            "hashes": [
                "sha256:077250b34432520430bc1c80dcbda4e354090785567c33ded35faa6df8d24753",
                "sha256:0da2f947e8ad2697e86fe5fd0e55a4093a2fd79d839c9e19c34e28097db7002c",
                "sha256:35ff894a0b5df8e28b700126b2869c7dcfb2b2db5bc82e5d5e82547069241553",
                "sha256:44688b94841349648b1e1a5a7a3d96e6596d5d4f21d0b59a82307e153c4dc74b",
                "sha256:833716dde880a7f2f2ccdeea9a096842626981ff2a477d8b318c0906367ac11b",
                "sha256:a0cf3e1842e7c60fde97cb22d275eb6f9524f5c5250489e292529de841417547",
                "sha256:a38a8811ea784c0136abfdba73963876328f66172db21a05a82f9515909bfb4e",
                "sha256:a728bb9502d1fdc104c66f24a176b6a70a32e89d1d8a5b55c959233ed51c67be",
                "sha256:c30a098435ea0989c37005a971843e9d3966c7f6d056ddbf052e5061c06e3291",
                "sha256:c355a45b32c5bc1d9893eceb704b0cfcd1126f91b5a7b9ee64c1c05383283381",
                "sha256:e64679de1940f41ead5170fce364d54e7b9e2e862f064727b6bcb5cee753b7a2",
                "sha256:ed71d20225c356881c29f0b1d7a0d6521563a389d9478e8f95d798cc5ba07b88",
                "sha256:f183f0940b9f5ed2ad9d04c80cab2451440fa9af4fc959d85113fadd2e777962"
            ],
            "version": "==0.2.2"
        },
        "python-dateutil": {
            "hashes": [
                "sha256:1adb80e7a782c12e52ef9a8182bebeb73f1d7e24e374397af06fb4956c8dc5c0",
                "sha256:e27001de32f627c22380a688bcc43ce83504a7bc5da472209b4c70f02829f0b8"
            ],
            "version": "==2.7.3"
        },
        "python-editor": {
            "hashes": [
                "sha256:a3c066acee22a1c94f63938341d4fb374e3fdd69366ed6603d7b24bed1efc565"
            ],
            "version": "==1.0.3"
        },
        "python-gitlab": {
            "hashes": [
                "sha256:807ee192d51286f21375f2e5870b2ebaec2af74b4359f5e72646cf49dff6448d"
            ],
            "index": "pypi",
            "version": "==1.5.1"
        },
        "python-oauth2": {
            "hashes": [
                "sha256:b24da812837c19183df1924e80a22ba0a1869582dea8b04a9ecd807b04dbc525"
            ],
            "version": "==1.1.0"
        },
        "pyyaml": {
            "hashes": [
                "sha256:3d7da3009c0f3e783b2c873687652d83b1bbfd5c88e9813fb7e5b03c0dd3108b",
                "sha256:3ef3092145e9b70e3ddd2c7ad59bdd0252a94dfe3949721633e41344de00a6bf",
                "sha256:40c71b8e076d0550b2e6380bada1f1cd1017b882f7e16f09a65be98e017f211a",
                "sha256:558dd60b890ba8fd982e05941927a3911dc409a63dcb8b634feaa0cda69330d3",
                "sha256:a7c28b45d9f99102fa092bb213aa12e0aaf9a6a1f5e395d36166639c1f96c3a1",
                "sha256:aa7dd4a6a427aed7df6fb7f08a580d68d9b118d90310374716ae90b710280af1",
                "sha256:bc558586e6045763782014934bfaf39d48b8ae85a2713117d16c39864085c613",
                "sha256:d46d7982b62e0729ad0175a9bc7e10a566fc07b224d2c79fafb5e032727eaa04",
                "sha256:d5eef459e30b09f5a098b9cea68bebfeb268697f78d647bd255a085371ac7f3f",
                "sha256:e01d3203230e1786cd91ccfdc8f8454c8069c91bee3962ad93b87a4b2860f537",
                "sha256:e170a9e6fcfd19021dd29845af83bb79236068bf5fd4df3327c1be18182b2531"
            ],
            "version": "==3.13"
        },
        "requests": {
            "hashes": [
                "sha256:63b52e3c866428a224f97cab011de738c36aec0185aa91cfacd418b5d58911d1",
                "sha256:ec22d826a36ed72a7358ff3fe56cbd4ba69dd7a6718ffd450ff0e9df7a47ce6a"
            ],
            "version": "==2.19.1"
        },
        "requests-oauthlib": {
            "hashes": [
                "sha256:8886bfec5ad7afb391ed5443b1f697c6f4ae98d0e5620839d8b4499c032ada3f",
                "sha256:e21232e2465808c0e892e0e4dbb8c2faafec16ac6dc067dd546e9b466f3deac8",
                "sha256:fe3282f48fb134ee0035712159f5429215459407f6d5484013343031ff1a400d"
            ],
            "index": "pypi",
            "version": "==1.0.0"
        },
        "rsa": {
            "hashes": [
                "sha256:25df4e10c263fb88b5ace923dd84bf9aa7f5019687b5e55382ffcdb8bede9db5",
                "sha256:43f682fea81c452c98d09fc316aae12de6d30c4b5c84226642cf8f8fd1c93abd"
            ],
            "version": "==3.4.2"
        },
        "six": {
            "hashes": [
                "sha256:70e8a77beed4562e7f14fe23a786b54f6296e34344c23bc42f07b15018ff98e9",
                "sha256:832dc0e10feb1aa2c68dcc57dbb658f1c7e65b9b61af69048abc87a2db00a0eb"
            ],
            "version": "==1.11.0"
        },
        "sqlalchemy": {
            "hashes": [
                "sha256:e21e5561a85dcdf16b8520ae4daec7401c5c24558e0ce004f9b60be75c4b6957"
            ],
            "version": "==1.2.9"
        },
        "tornado": {
            "hashes": [
                "sha256:1b83d5c10550f2653380b4c77331d6f8850f287c4f67d7ce1e1c639d9222fbc7",
                "sha256:408d129e9d13d3c55aa73f8084aa97d5f90ed84132e38d6932e63a67d5bec563",
                "sha256:88ce0282cce70df9045e515f578c78f1ebc35dcabe1d70f800c3583ebda7f5f5",
                "sha256:ba9fbb249ac5390bff8a1d6aa4b844fd400701069bda7d2e380dfe2217895101",
                "sha256:c050089173c2e9272244bccfb6a8615fb9e53b79420a5551acfa76094ecc3111"
            ],
            "version": "==5.0.2"
        },
        "traitlets": {
            "hashes": [
                "sha256:9c4bd2d267b7153df9152698efb1050a5d84982d3384a37b2c1f7723ba3e7835",
                "sha256:c6cb5e6f57c5a9bdaa40fa71ce7b4af30298fbab9ece9815b5d995ab6217c7d9"
            ],
            "version": "==4.3.2"
        },
        "urllib3": {
            "hashes": [
                "sha256:a68ac5e15e76e7e5dd2b8f94007233e01effe3e50e8daddf69acfd81cb686baf",
                "sha256:b5725a0bd4ba422ab0e66e89e030c806576753ea3ee08554382c14e685d117b5"
            ],
            "version": "==1.23"
        },
        "websocket-client": {
            "hashes": [
                "sha256:40ac14a0c54e14d22809a5c8d553de5a2ae45de3c60105fae53bcb281b3fe6fb"
            ],
            "version": "==0.40.0"
        }
    },
    "develop": {}
}
